
Microsoft Visual Studio Solution File, Format Version 11.00
# Visual Studio 2010
Project("{8BC9CEB8-8B4A-11D0-8D11-00A0C91BC942}") = "exercise13", "exercise13\exercise13.vcxproj", "{838C997D-3942-44B7-AB51-F50D720A88EF}"
EndProject
Global
	GlobalSection(SolutionConfigurationPlatforms) = preSolution
		Debug|Win32 = Debug|Win32
		Release|Win32 = Release|Win32
	EndGlobalSection
	GlobalSection(ProjectConfigurationPlatforms) = postSolution
		{838C997D-3942-44B7-AB51-F50D720A88EF}.Debug|Win32.ActiveCfg = Debug|Win32
		{838C997D-3942-44B7-AB51-F50D720A88EF}.Debug|Win32.Build.0 = Debug|Win32
		{838C997D-3942-44B7-AB51-F50D720A88EF}.Release|Win32.ActiveCfg = Release|Win32
		{838C997D-3942-44B7-AB51-F50D720A88EF}.Release|Win32.Build.0 = Release|Win32
	EndGlobalSection
	GlobalSection(SolutionProperties) = preSolution
		HideSolutionNode = FALSE
	EndGlobalSection
EndGlobal
