
Microsoft Visual Studio Solution File, Format Version 11.00
# Visual Studio 2010
Project("{8BC9CEB8-8B4A-11D0-8D11-00A0C91BC942}") = "exercise18", "exercise18\exercise18.vcxproj", "{DDB63EC8-4579-43A1-B221-D31E0A206D5E}"
EndProject
Global
	GlobalSection(SolutionConfigurationPlatforms) = preSolution
		Debug|Win32 = Debug|Win32
		Release|Win32 = Release|Win32
	EndGlobalSection
	GlobalSection(ProjectConfigurationPlatforms) = postSolution
		{DDB63EC8-4579-43A1-B221-D31E0A206D5E}.Debug|Win32.ActiveCfg = Debug|Win32
		{DDB63EC8-4579-43A1-B221-D31E0A206D5E}.Debug|Win32.Build.0 = Debug|Win32
		{DDB63EC8-4579-43A1-B221-D31E0A206D5E}.Release|Win32.ActiveCfg = Release|Win32
		{DDB63EC8-4579-43A1-B221-D31E0A206D5E}.Release|Win32.Build.0 = Release|Win32
	EndGlobalSection
	GlobalSection(SolutionProperties) = preSolution
		HideSolutionNode = FALSE
	EndGlobalSection
EndGlobal
