// !$*UTF8*$!
{
	archiveVersion = 1;
	classes = {
	};
	objectVersion = 46;
	objects = {

/* Begin PBXBuildFile section */
		6A0C4DE91456DBE900C3DA3E /* UIKit.framework in Frameworks */ = {isa = PBXBuildFile; fileRef = 6A0C4DE81456DBE900C3DA3E /* UIKit.framework */; };
		6A0C4DEB1456DBE900C3DA3E /* Foundation.framework in Frameworks */ = {isa = PBXBuildFile; fileRef = 6A0C4DEA1456DBE900C3DA3E /* Foundation.framework */; };
		6A0C4DED1456DBE900C3DA3E /* CoreGraphics.framework in Frameworks */ = {isa = PBXBuildFile; fileRef = 6A0C4DEC1456DBE900C3DA3E /* CoreGraphics.framework */; };
		6A0C4DEF1456DBE900C3DA3E /* CoreData.framework in Frameworks */ = {isa = PBXBuildFile; fileRef = 6A0C4DEE1456DBE900C3DA3E /* CoreData.framework */; };
		6A0C4DF51456DBE900C3DA3E /* InfoPlist.strings in Resources */ = {isa = PBXBuildFile; fileRef = 6A0C4DF31456DBE900C3DA3E /* InfoPlist.strings */; };
		6A0C4DF71456DBE900C3DA3E /* main.m in Sources */ = {isa = PBXBuildFile; fileRef = 6A0C4DF61456DBE900C3DA3E /* main.m */; };
		6A0C4DFB1456DBE900C3DA3E /* SaveDataToLocalDbAppDelegate.m in Sources */ = {isa = PBXBuildFile; fileRef = 6A0C4DFA1456DBE900C3DA3E /* SaveDataToLocalDbAppDelegate.m */; };
		6A0C4DFE1456DBE900C3DA3E /* SaveDataToLocalDb.xcdatamodeld in Sources */ = {isa = PBXBuildFile; fileRef = 6A0C4DFC1456DBE900C3DA3E /* SaveDataToLocalDb.xcdatamodeld */; };
		6A0C4E011456DBE900C3DA3E /* MainWindow.xib in Resources */ = {isa = PBXBuildFile; fileRef = 6A0C4DFF1456DBE900C3DA3E /* MainWindow.xib */; };
		6A0C4E041456DBE900C3DA3E /* RootViewController.m in Sources */ = {isa = PBXBuildFile; fileRef = 6A0C4E031456DBE900C3DA3E /* RootViewController.m */; };
		6A0C4E071456DBE900C3DA3E /* RootViewController.xib in Resources */ = {isa = PBXBuildFile; fileRef = 6A0C4E051456DBE900C3DA3E /* RootViewController.xib */; };
		6A0C4E0F1456DD1500C3DA3E /* Event.m in Sources */ = {isa = PBXBuildFile; fileRef = 6A0C4E0E1456DD1500C3DA3E /* Event.m */; };
		6A0C4E131456E20900C3DA3E /* CreateAnEvent.m in Sources */ = {isa = PBXBuildFile; fileRef = 6A0C4E111456E20800C3DA3E /* CreateAnEvent.m */; };
		6A0C4E141456E20900C3DA3E /* CreateAnEvent.xib in Resources */ = {isa = PBXBuildFile; fileRef = 6A0C4E121456E20900C3DA3E /* CreateAnEvent.xib */; };
/* End PBXBuildFile section */

/* Begin PBXFileReference section */
		6A0C4DE41456DBE900C3DA3E /* SaveDataToLocalDb.app */ = {isa = PBXFileReference; explicitFileType = wrapper.application; includeInIndex = 0; path = SaveDataToLocalDb.app; sourceTree = BUILT_PRODUCTS_DIR; };
		6A0C4DE81456DBE900C3DA3E /* UIKit.framework */ = {isa = PBXFileReference; lastKnownFileType = wrapper.framework; name = UIKit.framework; path = System/Library/Frameworks/UIKit.framework; sourceTree = SDKROOT; };
		6A0C4DEA1456DBE900C3DA3E /* Foundation.framework */ = {isa = PBXFileReference; lastKnownFileType = wrapper.framework; name = Foundation.framework; path = System/Library/Frameworks/Foundation.framework; sourceTree = SDKROOT; };
		6A0C4DEC1456DBE900C3DA3E /* CoreGraphics.framework */ = {isa = PBXFileReference; lastKnownFileType = wrapper.framework; name = CoreGraphics.framework; path = System/Library/Frameworks/CoreGraphics.framework; sourceTree = SDKROOT; };
		6A0C4DEE1456DBE900C3DA3E /* CoreData.framework */ = {isa = PBXFileReference; lastKnownFileType = wrapper.framework; name = CoreData.framework; path = System/Library/Frameworks/CoreData.framework; sourceTree = SDKROOT; };
		6A0C4DF21456DBE900C3DA3E /* SaveDataToLocalDb-Info.plist */ = {isa = PBXFileReference; lastKnownFileType = text.plist.xml; path = "SaveDataToLocalDb-Info.plist"; sourceTree = "<group>"; };
		6A0C4DF41456DBE900C3DA3E /* en */ = {isa = PBXFileReference; lastKnownFileType = text.plist.strings; name = en; path = en.lproj/InfoPlist.strings; sourceTree = "<group>"; };
		6A0C4DF61456DBE900C3DA3E /* main.m */ = {isa = PBXFileReference; lastKnownFileType = sourcecode.c.objc; path = main.m; sourceTree = "<group>"; };
		6A0C4DF81456DBE900C3DA3E /* SaveDataToLocalDb-Prefix.pch */ = {isa = PBXFileReference; lastKnownFileType = sourcecode.c.h; path = "SaveDataToLocalDb-Prefix.pch"; sourceTree = "<group>"; };
		6A0C4DF91456DBE900C3DA3E /* SaveDataToLocalDbAppDelegate.h */ = {isa = PBXFileReference; lastKnownFileType = sourcecode.c.h; path = SaveDataToLocalDbAppDelegate.h; sourceTree = "<group>"; };
		6A0C4DFA1456DBE900C3DA3E /* SaveDataToLocalDbAppDelegate.m */ = {isa = PBXFileReference; lastKnownFileType = sourcecode.c.objc; path = SaveDataToLocalDbAppDelegate.m; sourceTree = "<group>"; };
		6A0C4DFD1456DBE900C3DA3E /* SaveDataToLocalDb.xcdatamodel */ = {isa = PBXFileReference; lastKnownFileType = wrapper.xcdatamodel; path = SaveDataToLocalDb.xcdatamodel; sourceTree = "<group>"; };
		6A0C4E001456DBE900C3DA3E /* en */ = {isa = PBXFileReference; lastKnownFileType = file.xib; name = en; path = en.lproj/MainWindow.xib; sourceTree = "<group>"; };
		6A0C4E021456DBE900C3DA3E /* RootViewController.h */ = {isa = PBXFileReference; lastKnownFileType = sourcecode.c.h; path = RootViewController.h; sourceTree = "<group>"; };
		6A0C4E031456DBE900C3DA3E /* RootViewController.m */ = {isa = PBXFileReference; lastKnownFileType = sourcecode.c.objc; path = RootViewController.m; sourceTree = "<group>"; };
		6A0C4E061456DBE900C3DA3E /* en */ = {isa = PBXFileReference; lastKnownFileType = file.xib; name = en; path = en.lproj/RootViewController.xib; sourceTree = "<group>"; };
		6A0C4E0D1456DD1500C3DA3E /* Event.h */ = {isa = PBXFileReference; fileEncoding = 4; lastKnownFileType = sourcecode.c.h; path = Event.h; sourceTree = "<group>"; };
		6A0C4E0E1456DD1500C3DA3E /* Event.m */ = {isa = PBXFileReference; fileEncoding = 4; lastKnownFileType = sourcecode.c.objc; path = Event.m; sourceTree = "<group>"; };
		6A0C4E101456E20800C3DA3E /* CreateAnEvent.h */ = {isa = PBXFileReference; fileEncoding = 4; lastKnownFileType = sourcecode.c.h; path = CreateAnEvent.h; sourceTree = "<group>"; };
		6A0C4E111456E20800C3DA3E /* CreateAnEvent.m */ = {isa = PBXFileReference; fileEncoding = 4; lastKnownFileType = sourcecode.c.objc; path = CreateAnEvent.m; sourceTree = "<group>"; };
		6A0C4E121456E20900C3DA3E /* CreateAnEvent.xib */ = {isa = PBXFileReference; fileEncoding = 4; lastKnownFileType = file.xib; path = CreateAnEvent.xib; sourceTree = "<group>"; };
/* End PBXFileReference section */

/* Begin PBXFrameworksBuildPhase section */
		6A0C4DE11456DBE900C3DA3E /* Frameworks */ = {
			isa = PBXFrameworksBuildPhase;
			buildActionMask = 2147483647;
			files = (
				6A0C4DE91456DBE900C3DA3E /* UIKit.framework in Frameworks */,
				6A0C4DEB1456DBE900C3DA3E /* Foundation.framework in Frameworks */,
				6A0C4DED1456DBE900C3DA3E /* CoreGraphics.framework in Frameworks */,
				6A0C4DEF1456DBE900C3DA3E /* CoreData.framework in Frameworks */,
			);
			runOnlyForDeploymentPostprocessing = 0;
		};
/* End PBXFrameworksBuildPhase section */

/* Begin PBXGroup section */
		6A0C4DD91456DBE900C3DA3E = {
			isa = PBXGroup;
			children = (
				6A0C4DF01456DBE900C3DA3E /* SaveDataToLocalDb */,
				6A0C4DE71456DBE900C3DA3E /* Frameworks */,
				6A0C4DE51456DBE900C3DA3E /* Products */,
			);
			sourceTree = "<group>";
		};
		6A0C4DE51456DBE900C3DA3E /* Products */ = {
			isa = PBXGroup;
			children = (
				6A0C4DE41456DBE900C3DA3E /* SaveDataToLocalDb.app */,
			);
			name = Products;
			sourceTree = "<group>";
		};
		6A0C4DE71456DBE900C3DA3E /* Frameworks */ = {
			isa = PBXGroup;
			children = (
				6A0C4DE81456DBE900C3DA3E /* UIKit.framework */,
				6A0C4DEA1456DBE900C3DA3E /* Foundation.framework */,
				6A0C4DEC1456DBE900C3DA3E /* CoreGraphics.framework */,
				6A0C4DEE1456DBE900C3DA3E /* CoreData.framework */,
			);
			name = Frameworks;
			sourceTree = "<group>";
		};
		6A0C4DF01456DBE900C3DA3E /* SaveDataToLocalDb */ = {
			isa = PBXGroup;
			children = (
				6A0C4E101456E20800C3DA3E /* CreateAnEvent.h */,
				6A0C4E111456E20800C3DA3E /* CreateAnEvent.m */,
				6A0C4E121456E20900C3DA3E /* CreateAnEvent.xib */,
				6A0C4DF91456DBE900C3DA3E /* SaveDataToLocalDbAppDelegate.h */,
				6A0C4DFA1456DBE900C3DA3E /* SaveDataToLocalDbAppDelegate.m */,
				6A0C4DFF1456DBE900C3DA3E /* MainWindow.xib */,
				6A0C4E021456DBE900C3DA3E /* RootViewController.h */,
				6A0C4E031456DBE900C3DA3E /* RootViewController.m */,
				6A0C4E051456DBE900C3DA3E /* RootViewController.xib */,
				6A0C4DFC1456DBE900C3DA3E /* SaveDataToLocalDb.xcdatamodeld */,
				6A0C4E0D1456DD1500C3DA3E /* Event.h */,
				6A0C4E0E1456DD1500C3DA3E /* Event.m */,
				6A0C4DF11456DBE900C3DA3E /* Supporting Files */,
			);
			path = SaveDataToLocalDb;
			sourceTree = "<group>";
		};
		6A0C4DF11456DBE900C3DA3E /* Supporting Files */ = {
			isa = PBXGroup;
			children = (
				6A0C4DF21456DBE900C3DA3E /* SaveDataToLocalDb-Info.plist */,
				6A0C4DF31456DBE900C3DA3E /* InfoPlist.strings */,
				6A0C4DF61456DBE900C3DA3E /* main.m */,
				6A0C4DF81456DBE900C3DA3E /* SaveDataToLocalDb-Prefix.pch */,
			);
			name = "Supporting Files";
			sourceTree = "<group>";
		};
/* End PBXGroup section */

/* Begin PBXNativeTarget section */
		6A0C4DE31456DBE900C3DA3E /* SaveDataToLocalDb */ = {
			isa = PBXNativeTarget;
			buildConfigurationList = 6A0C4E0A1456DBE900C3DA3E /* Build configuration list for PBXNativeTarget "SaveDataToLocalDb" */;
			buildPhases = (
				6A0C4DE01456DBE900C3DA3E /* Sources */,
				6A0C4DE11456DBE900C3DA3E /* Frameworks */,
				6A0C4DE21456DBE900C3DA3E /* Resources */,
			);
			buildRules = (
			);
			dependencies = (
			);
			name = SaveDataToLocalDb;
			productName = SaveDataToLocalDb;
			productReference = 6A0C4DE41456DBE900C3DA3E /* SaveDataToLocalDb.app */;
			productType = "com.apple.product-type.application";
		};
/* End PBXNativeTarget section */

/* Begin PBXProject section */
		6A0C4DDB1456DBE900C3DA3E /* Project object */ = {
			isa = PBXProject;
			buildConfigurationList = 6A0C4DDE1456DBE900C3DA3E /* Build configuration list for PBXProject "SaveDataToLocalDb" */;
			compatibilityVersion = "Xcode 3.2";
			developmentRegion = English;
			hasScannedForEncodings = 0;
			knownRegions = (
				en,
			);
			mainGroup = 6A0C4DD91456DBE900C3DA3E;
			productRefGroup = 6A0C4DE51456DBE900C3DA3E /* Products */;
			projectDirPath = "";
			projectRoot = "";
			targets = (
				6A0C4DE31456DBE900C3DA3E /* SaveDataToLocalDb */,
			);
		};
/* End PBXProject section */

/* Begin PBXResourcesBuildPhase section */
		6A0C4DE21456DBE900C3DA3E /* Resources */ = {
			isa = PBXResourcesBuildPhase;
			buildActionMask = 2147483647;
			files = (
				6A0C4DF51456DBE900C3DA3E /* InfoPlist.strings in Resources */,
				6A0C4E011456DBE900C3DA3E /* MainWindow.xib in Resources */,
				6A0C4E071456DBE900C3DA3E /* RootViewController.xib in Resources */,
				6A0C4E141456E20900C3DA3E /* CreateAnEvent.xib in Resources */,
			);
			runOnlyForDeploymentPostprocessing = 0;
		};
/* End PBXResourcesBuildPhase section */

/* Begin PBXSourcesBuildPhase section */
		6A0C4DE01456DBE900C3DA3E /* Sources */ = {
			isa = PBXSourcesBuildPhase;
			buildActionMask = 2147483647;
			files = (
				6A0C4DF71456DBE900C3DA3E /* main.m in Sources */,
				6A0C4DFB1456DBE900C3DA3E /* SaveDataToLocalDbAppDelegate.m in Sources */,
				6A0C4DFE1456DBE900C3DA3E /* SaveDataToLocalDb.xcdatamodeld in Sources */,
				6A0C4E041456DBE900C3DA3E /* RootViewController.m in Sources */,
				6A0C4E0F1456DD1500C3DA3E /* Event.m in Sources */,
				6A0C4E131456E20900C3DA3E /* CreateAnEvent.m in Sources */,
			);
			runOnlyForDeploymentPostprocessing = 0;
		};
/* End PBXSourcesBuildPhase section */

/* Begin PBXVariantGroup section */
		6A0C4DF31456DBE900C3DA3E /* InfoPlist.strings */ = {
			isa = PBXVariantGroup;
			children = (
				6A0C4DF41456DBE900C3DA3E /* en */,
			);
			name = InfoPlist.strings;
			sourceTree = "<group>";
		};
		6A0C4DFF1456DBE900C3DA3E /* MainWindow.xib */ = {
			isa = PBXVariantGroup;
			children = (
				6A0C4E001456DBE900C3DA3E /* en */,
			);
			name = MainWindow.xib;
			sourceTree = "<group>";
		};
		6A0C4E051456DBE900C3DA3E /* RootViewController.xib */ = {
			isa = PBXVariantGroup;
			children = (
				6A0C4E061456DBE900C3DA3E /* en */,
			);
			name = RootViewController.xib;
			sourceTree = "<group>";
		};
/* End PBXVariantGroup section */

/* Begin XCBuildConfiguration section */
		6A0C4E081456DBE900C3DA3E /* Debug */ = {
			isa = XCBuildConfiguration;
			buildSettings = {
				ALWAYS_SEARCH_USER_PATHS = NO;
				ARCHS = "$(ARCHS_STANDARD_32_BIT)";
				"CODE_SIGN_IDENTITY[sdk=iphoneos*]" = "iPhone Developer";
				COPY_PHASE_STRIP = NO;
				GCC_C_LANGUAGE_STANDARD = gnu99;
				GCC_DYNAMIC_NO_PIC = NO;
				GCC_OPTIMIZATION_LEVEL = 0;
				GCC_PREPROCESSOR_DEFINITIONS = (
					"DEBUG=1",
					"$(inherited)",
				);
				GCC_SYMBOLS_PRIVATE_EXTERN = NO;
				GCC_VERSION = com.apple.compilers.llvmgcc42;
				GCC_WARN_ABOUT_MISSING_PROTOTYPES = YES;
				GCC_WARN_ABOUT_RETURN_TYPE = YES;
				GCC_WARN_UNUSED_VARIABLE = YES;
				IPHONEOS_DEPLOYMENT_TARGET = 4.3;
				SDKROOT = iphoneos;
			};
			name = Debug;
		};
		6A0C4E091456DBE900C3DA3E /* Release */ = {
			isa = XCBuildConfiguration;
			buildSettings = {
				ALWAYS_SEARCH_USER_PATHS = NO;
				ARCHS = "$(ARCHS_STANDARD_32_BIT)";
				"CODE_SIGN_IDENTITY[sdk=iphoneos*]" = "iPhone Developer";
				COPY_PHASE_STRIP = YES;
				GCC_C_LANGUAGE_STANDARD = gnu99;
				GCC_VERSION = com.apple.compilers.llvmgcc42;
				GCC_WARN_ABOUT_MISSING_PROTOTYPES = YES;
				GCC_WARN_ABOUT_RETURN_TYPE = YES;
				GCC_WARN_UNUSED_VARIABLE = YES;
				IPHONEOS_DEPLOYMENT_TARGET = 4.3;
				OTHER_CFLAGS = "-DNS_BLOCK_ASSERTIONS=1";
				SDKROOT = iphoneos;
				VALIDATE_PRODUCT = YES;
			};
			name = Release;
		};
		6A0C4E0B1456DBE900C3DA3E /* Debug */ = {
			isa = XCBuildConfiguration;
			buildSettings = {
				GCC_PRECOMPILE_PREFIX_HEADER = YES;
				GCC_PREFIX_HEADER = "SaveDataToLocalDb/SaveDataToLocalDb-Prefix.pch";
				INFOPLIST_FILE = "SaveDataToLocalDb/SaveDataToLocalDb-Info.plist";
				PRODUCT_NAME = "$(TARGET_NAME)";
				WRAPPER_EXTENSION = app;
			};
			name = Debug;
		};
		6A0C4E0C1456DBE900C3DA3E /* Release */ = {
			isa = XCBuildConfiguration;
			buildSettings = {
				GCC_PRECOMPILE_PREFIX_HEADER = YES;
				GCC_PREFIX_HEADER = "SaveDataToLocalDb/SaveDataToLocalDb-Prefix.pch";
				INFOPLIST_FILE = "SaveDataToLocalDb/SaveDataToLocalDb-Info.plist";
				PRODUCT_NAME = "$(TARGET_NAME)";
				WRAPPER_EXTENSION = app;
			};
			name = Release;
		};
/* End XCBuildConfiguration section */

/* Begin XCConfigurationList section */
		6A0C4DDE1456DBE900C3DA3E /* Build configuration list for PBXProject "SaveDataToLocalDb" */ = {
			isa = XCConfigurationList;
			buildConfigurations = (
				6A0C4E081456DBE900C3DA3E /* Debug */,
				6A0C4E091456DBE900C3DA3E /* Release */,
			);
			defaultConfigurationIsVisible = 0;
			defaultConfigurationName = Release;
		};
		6A0C4E0A1456DBE900C3DA3E /* Build configuration list for PBXNativeTarget "SaveDataToLocalDb" */ = {
			isa = XCConfigurationList;
			buildConfigurations = (
				6A0C4E0B1456DBE900C3DA3E /* Debug */,
				6A0C4E0C1456DBE900C3DA3E /* Release */,
			);
			defaultConfigurationIsVisible = 0;
		};
/* End XCConfigurationList section */

/* Begin XCVersionGroup section */
		6A0C4DFC1456DBE900C3DA3E /* SaveDataToLocalDb.xcdatamodeld */ = {
			isa = XCVersionGroup;
			children = (
				6A0C4DFD1456DBE900C3DA3E /* SaveDataToLocalDb.xcdatamodel */,
			);
			currentVersion = 6A0C4DFD1456DBE900C3DA3E /* SaveDataToLocalDb.xcdatamodel */;
			path = SaveDataToLocalDb.xcdatamodeld;
			sourceTree = "<group>";
			versionGroupType = wrapper.xcdatamodel;
		};
/* End XCVersionGroup section */
	};
	rootObject = 6A0C4DDB1456DBE900C3DA3E /* Project object */;
}
